[[package]]
category = "main"
description = "A simple UI library wrapping the REMI library"
name = "csinscapp"
optional = false
python-versions = "*"
version = "0.1.6"

[package.dependencies]
remi = ">=2020.3.10"

[[package]]
category = "main"
description = "Python REMote Interface library"
name = "remi"
optional = false
python-versions = "*"
version = "2020.3.10"

[metadata]
content-hash = "3a900c3e4f87b9ee4320e87dca1e833d8719ba242c4225cfa0893eb032e4275a"
python-versions = "^3.8"

[metadata.files]
csinscapp = [
    {file = "csinscapp-0.1.6-py3-none-any.whl", hash = "sha256:7a2ff823406119bfaea5129a692a01e6872f9b7ae14ce50b0dba91a1e35c1c55"},
    {file = "csinscapp-0.1.6.tar.gz", hash = "sha256:c7e5cd600560c994fa681ee6eac9ead5d92669ce5f82478e85ce18fbaf7b8f71"},
]
remi = [
    {file = "remi-2020.3.10-py3-none-any.whl", hash = "sha256:73e833090298b446dcb4269ce9ab8078a080db235b4d33674a481c88cb4af1cc"},
    {file = "remi-2020.3.10.tar.gz", hash = "sha256:4cb8eee398502f547b1ea5cf19304ce46bdc537a29b79066fda3e5d05130fdc4"},
]
